---
schema: '2.0'
stages:
  download:
    cmd: bash stages/1_download.sh
    deps:
    - md5: 03edb6b876f389104ff8704b739b0727
      path: stages/1_download.sh
      size: 705
    outs:
    - md5: 6445b53f45be37877c8c84866beaeb1a.dir
      nfiles: 192329
      path: download
      size: 41175180323
    - md5: e4dcf74b1265e0ac85d9de69c509b23d.dir
      nfiles: 1
      path: temp
      size: 3180
